
Microsoft Visual Studio Solution File, Format Version 12.00
# Visual Studio Version 17
VisualStudioVersion = 17.13.35818.85
MinimumVisualStudioVersion = 10.0.40219.1
Project("{FAE04EC0-301F-11D3-BF4B-00C04F79EFBC}") = "tp5", "tp5.csproj", "{76A11B43-790B-47C7-9D87-C75CC5F3B44E}"
EndProject
Global
	GlobalSection(SolutionConfigurationPlatforms) = preSolution
		Debug|Any CPU = Debug|Any CPU
		Release|Any CPU = Release|Any CPU
	EndGlobalSection
	GlobalSection(ProjectConfigurationPlatforms) = postSolution
		{76A11B43-790B-47C7-9D87-C75CC5F3B44E}.Debug|Any CPU.ActiveCfg = Debug|Any CPU
		{76A11B43-790B-47C7-9D87-C75CC5F3B44E}.Debug|Any CPU.Build.0 = Debug|Any CPU
		{76A11B43-790B-47C7-9D87-C75CC5F3B44E}.Release|Any CPU.ActiveCfg = Release|Any CPU
		{76A11B43-790B-47C7-9D87-C75CC5F3B44E}.Release|Any CPU.Build.0 = Release|Any CPU
	EndGlobalSection
	GlobalSection(SolutionProperties) = preSolution
		HideSolutionNode = FALSE
	EndGlobalSection
	GlobalSection(ExtensibilityGlobals) = postSolution
		SolutionGuid = {9F48FDC0-4397-4CF4-ABD4-4B0B35B8F195}
	EndGlobalSection
EndGlobal
